
Microsoft Visual Studio Solution File, Format Version 12.00
# Visual Studio Version 17
VisualStudioVersion = 17.3.32929.385
MinimumVisualStudioVersion = 10.0.40219.1
Project("{FAE04EC0-301F-11D3-BF4B-00C04F79EFBC}") = "PracticaStruct", "PracticaStruct\PracticaStruct.csproj", "{131DD535-7D5C-41A6-83BA-C90EEE50EBEA}"
EndProject
Global
	GlobalSection(SolutionConfigurationPlatforms) = preSolution
		Debug|Any CPU = Debug|Any CPU
		Release|Any CPU = Release|Any CPU
	EndGlobalSection
	GlobalSection(ProjectConfigurationPlatforms) = postSolution
		{131DD535-7D5C-41A6-83BA-C90EEE50EBEA}.Debug|Any CPU.ActiveCfg = Debug|Any CPU
		{131DD535-7D5C-41A6-83BA-C90EEE50EBEA}.Debug|Any CPU.Build.0 = Debug|Any CPU
		{131DD535-7D5C-41A6-83BA-C90EEE50EBEA}.Release|Any CPU.ActiveCfg = Release|Any CPU
		{131DD535-7D5C-41A6-83BA-C90EEE50EBEA}.Release|Any CPU.Build.0 = Release|Any CPU
	EndGlobalSection
	GlobalSection(SolutionProperties) = preSolution
		HideSolutionNode = FALSE
	EndGlobalSection
	GlobalSection(ExtensibilityGlobals) = postSolution
		SolutionGuid = {B8320313-9C96-414C-A9C6-53A43A5A5FCB}
	EndGlobalSection
EndGlobal
